// !$*UTF8*$!
{
	archiveVersion = 1;
	classes = {
	};
	objectVersion = 55;
	objects = {

/* Begin PBXBuildFile section */
		2D05B6F1297C521F00B9C68B /* Recipecard.swift in Sources */ = {isa = PBXBuildFile; fileRef = 2D05B6F0297C521E00B9C68B /* Recipecard.swift */; };
		2D18BE8829465B44008FBE3B /* FirebaseAuth in Frameworks */ = {isa = PBXBuildFile; productRef = 2D18BE8729465B44008FBE3B /* FirebaseAuth */; };
		2D18BE8E29465CE5008FBE3B /* GoogleService-Info.plist in Resources */ = {isa = PBXBuildFile; fileRef = 2D18BE8D29465CE5008FBE3B /* GoogleService-Info.plist */; };
		2D1FDB9F29489CB000BBF3ED /* ImageUploader.swift in Sources */ = {isa = PBXBuildFile; fileRef = 2D1FDB9E29489CB000BBF3ED /* ImageUploader.swift */; };
		2D1FDBA129489CF500BBF3ED /* FirebaseStorage in Frameworks */ = {isa = PBXBuildFile; productRef = 2D1FDBA029489CF500BBF3ED /* FirebaseStorage */; };
		2D2544D428B4DFD400C40D18 /* CardView.swift in Sources */ = {isa = PBXBuildFile; fileRef = 2D2544D328B4DFD400C40D18 /* CardView.swift */; };
		2D3709012884ABFE0044EF45 /* Preview Assets.xcassets in Resources */ = {isa = PBXBuildFile; fileRef = 2D3709002884ABFE0044EF45 /* Preview Assets.xcassets */; };
		2D371F2928C26F6600FEA74C /* IntroView.swift in Sources */ = {isa = PBXBuildFile; fileRef = 2D371F2828C26F6600FEA74C /* IntroView.swift */; };
		2D42354328C1285500600266 /* SignupView.swift in Sources */ = {isa = PBXBuildFile; fileRef = 2D42354228C1285500600266 /* SignupView.swift */; };
		2D4542E928B7863C0030DF73 /* Prospect.swift in Sources */ = {isa = PBXBuildFile; fileRef = 2D4542E828B7863C0030DF73 /* Prospect.swift */; };
		2D483DD829688485005269A8 /* fetchRecipeViewModel.swift in Sources */ = {isa = PBXBuildFile; fileRef = 2D483DD729688485005269A8 /* fetchRecipeViewModel.swift */; };
		2D48C792288FF8D400981FAE /* Color.swift in Sources */ = {isa = PBXBuildFile; fileRef = 2D48C791288FF8D400981FAE /* Color.swift */; };
		2D49ACC628D20851002A8045 /* LogIn.swift in Sources */ = {isa = PBXBuildFile; fileRef = 2D49ACC528D20851002A8045 /* LogIn.swift */; };
		2D4A353A29806E7F00CB2665 /* Searchbar.swift in Sources */ = {isa = PBXBuildFile; fileRef = 2D4A353929806E7F00CB2665 /* Searchbar.swift */; };
		2D4A353C2980701F00CB2665 /* RecipeCard.swift in Sources */ = {isa = PBXBuildFile; fileRef = 2D4A353B2980701F00CB2665 /* RecipeCard.swift */; };
		2D61870A2969881400F7881F /* SettingsView.swift in Sources */ = {isa = PBXBuildFile; fileRef = 2D6187092969881400F7881F /* SettingsView.swift */; };
		2D69A967297B09390004BA47 /* about.swift in Sources */ = {isa = PBXBuildFile; fileRef = 2D69A966297B09390004BA47 /* about.swift */; };
		2D6D466228D0B12900557B0A /* GetStarted.swift in Sources */ = {isa = PBXBuildFile; fileRef = 2D6D466128D0B12900557B0A /* GetStarted.swift */; };
		2D710C3A295615A500F3E9EA /* Recipe.swift in Sources */ = {isa = PBXBuildFile; fileRef = 2D710C39295615A500F3E9EA /* Recipe.swift */; };
		2D710C3C2956162D00F3E9EA /* NewRecipe.swift in Sources */ = {isa = PBXBuildFile; fileRef = 2D710C3B2956162D00F3E9EA /* NewRecipe.swift */; };
		2D773C502971570100A86E5C /* EditProduct.swift in Sources */ = {isa = PBXBuildFile; fileRef = 2D773C4F2971570100A86E5C /* EditProduct.swift */; };
		2D773C52297172BA00A86E5C /* EditProductiVewModel.swift in Sources */ = {isa = PBXBuildFile; fileRef = 2D773C51297172BA00A86E5C /* EditProductiVewModel.swift */; };
		2D886FAB29706BA4004AB700 /* RecipeDetailsProfile.swift in Sources */ = {isa = PBXBuildFile; fileRef = 2D886FAA29706BA4004AB700 /* RecipeDetailsProfile.swift */; };
		2D88B5CC295621F6008F47A5 /* NewRecipeViewModel.swift in Sources */ = {isa = PBXBuildFile; fileRef = 2D88B5CB295621F6008F47A5 /* NewRecipeViewModel.swift */; };
		2DA2287A294CA888001F88C0 /* UploadProductViewModel.swift in Sources */ = {isa = PBXBuildFile; fileRef = 2DA22879294CA888001F88C0 /* UploadProductViewModel.swift */; };
		2DA2287C294CE664001F88C0 /* fetchProduct.swift in Sources */ = {isa = PBXBuildFile; fileRef = 2DA2287B294CE664001F88C0 /* fetchProduct.swift */; };
		2DA22880294DB7FB001F88C0 /* ExploreViewModel.swift in Sources */ = {isa = PBXBuildFile; fileRef = 2DA2287F294DB7FB001F88C0 /* ExploreViewModel.swift */; };
		2DA767692885644700264BE7 /* PartialSheet in Frameworks */ = {isa = PBXBuildFile; productRef = 2DA767682885644700264BE7 /* PartialSheet */; };
		2DAB9F4D295F48BD00C04D3E /* SpecificCorners .swift in Sources */ = {isa = PBXBuildFile; fileRef = 2DAB9F4C295F48BD00C04D3E /* SpecificCorners .swift */; };
		2DE2CFD2288707A800FBFE62 /* ImagePicker.swift in Sources */ = {isa = PBXBuildFile; fileRef = 2DE2CFD1288707A800FBFE62 /* ImagePicker.swift */; };
		2DE850F729584A620012ABAB /* RecipeViewModel.swift in Sources */ = {isa = PBXBuildFile; fileRef = 2DE850F629584A620012ABAB /* RecipeViewModel.swift */; };
		2DE850F929584E740012ABAB /* Recipet.swift in Sources */ = {isa = PBXBuildFile; fileRef = 2DE850F829584E740012ABAB /* Recipet.swift */; };
		2DE850FB295B6ECB0012ABAB /* RecipeSetails.swift in Sources */ = {isa = PBXBuildFile; fileRef = 2DE850FA295B6ECB0012ABAB /* RecipeSetails.swift */; };
		2DEB35DC294BBEFE001B8FD4 /* Kingfisher in Frameworks */ = {isa = PBXBuildFile; productRef = 2DEB35DB294BBEFE001B8FD4 /* Kingfisher */; };
		2DEB8CFA297D541B001E7BED /* CardModifier.swift in Sources */ = {isa = PBXBuildFile; fileRef = 2DEB8CF9297D541B001E7BED /* CardModifier.swift */; };
		2DEB8CFD297D9D42001E7BED /* TextFieldview.swift in Sources */ = {isa = PBXBuildFile; fileRef = 2DEB8CFC297D9D42001E7BED /* TextFieldview.swift */; };
		2DEB8D00297DAE22001E7BED /* Buttonshow.swift in Sources */ = {isa = PBXBuildFile; fileRef = 2DEB8CFF297DAE22001E7BED /* Buttonshow.swift */; };
		2DEF0AB429478F6500D19D8E /* FirebaseFirestore in Frameworks */ = {isa = PBXBuildFile; productRef = 2DEF0AB329478F6500D19D8E /* FirebaseFirestore */; };
		2DEF0AB629478F7B00D19D8E /* FirebaseFirestoreSwift in Frameworks */ = {isa = PBXBuildFile; productRef = 2DEF0AB529478F7B00D19D8E /* FirebaseFirestoreSwift */; };
		2DEF0AB82947954E00D19D8E /* AuthViewModel.swift in Sources */ = {isa = PBXBuildFile; fileRef = 2DEF0AB72947954E00D19D8E /* AuthViewModel.swift */; };
		2DEF0ABB2947B13400D19D8E /* User.swift in Sources */ = {isa = PBXBuildFile; fileRef = 2DEF0ABA2947B13400D19D8E /* User.swift */; };
		2DFD509F28BE88F700CE8FD2 /* Onboarding.swift in Sources */ = {isa = PBXBuildFile; fileRef = 2DFD509E28BE88F700CE8FD2 /* Onboarding.swift */; };
		2DFD50A328BEA44500CE8FD2 /* Launch Screen.storyboard in Resources */ = {isa = PBXBuildFile; fileRef = 2DFD50A228BEA44500CE8FD2 /* Launch Screen.storyboard */; };
		63CD665E2886D9D6003CDE86 /* Assets.xcassets in Resources */ = {isa = PBXBuildFile; fileRef = 63CD665C2886D9D5003CDE86 /* Assets.xcassets */; };
		63CD665F2886D9D6003CDE86 /* KitchenNeedApp.swift in Sources */ = {isa = PBXBuildFile; fileRef = 63CD665D2886D9D5003CDE86 /* KitchenNeedApp.swift */; };
		63CD66622886DA68003CDE86 /* Product.swift in Sources */ = {isa = PBXBuildFile; fileRef = 63CD66612886DA68003CDE86 /* Product.swift */; };
		63CD666C2886DA85003CDE86 /* Profile.swift in Sources */ = {isa = PBXBuildFile; fileRef = 63CD66662886DA85003CDE86 /* Profile.swift */; };
		63CD666E2886DA85003CDE86 /* SheetView.swift in Sources */ = {isa = PBXBuildFile; fileRef = 63CD66682886DA85003CDE86 /* SheetView.swift */; };
		63CD666F2886DA85003CDE86 /* ContentView.swift in Sources */ = {isa = PBXBuildFile; fileRef = 63CD66692886DA85003CDE86 /* ContentView.swift */; };
		63CD66732886DB15003CDE86 /* Home.swift in Sources */ = {isa = PBXBuildFile; fileRef = 63CD66722886DB15003CDE86 /* Home.swift */; };
/* End PBXBuildFile section */

/* Begin PBXFileReference section */
		2D05B6F0297C521E00B9C68B /* Recipecard.swift */ = {isa = PBXFileReference; lastKnownFileType = sourcecode.swift; path = Recipecard.swift; sourceTree = "<group>"; };
		2D18BE8D29465CE5008FBE3B /* GoogleService-Info.plist */ = {isa = PBXFileReference; fileEncoding = 4; lastKnownFileType = text.plist.xml; name = "GoogleService-Info.plist"; path = "../../../Downloads/GoogleService-Info.plist"; sourceTree = "<group>"; };
		2D1FDB9E29489CB000BBF3ED /* ImageUploader.swift */ = {isa = PBXFileReference; lastKnownFileType = sourcecode.swift; path = ImageUploader.swift; sourceTree = "<group>"; };
		2D2544D328B4DFD400C40D18 /* CardView.swift */ = {isa = PBXFileReference; lastKnownFileType = sourcecode.swift; path = CardView.swift; sourceTree = "<group>"; };
		2D3708F62884ABF90044EF45 /* KitchenNeed.app */ = {isa = PBXFileReference; explicitFileType = wrapper.application; includeInIndex = 0; path = KitchenNeed.app; sourceTree = BUILT_PRODUCTS_DIR; };
		2D3709002884ABFE0044EF45 /* Preview Assets.xcassets */ = {isa = PBXFileReference; lastKnownFileType = folder.assetcatalog; path = "Preview Assets.xcassets"; sourceTree = "<group>"; };
		2D371F2828C26F6600FEA74C /* IntroView.swift */ = {isa = PBXFileReference; lastKnownFileType = sourcecode.swift; path = IntroView.swift; sourceTree = "<group>"; };
		2D42354228C1285500600266 /* SignupView.swift */ = {isa = PBXFileReference; lastKnownFileType = sourcecode.swift; path = SignupView.swift; sourceTree = "<group>"; };
		2D4542E828B7863C0030DF73 /* Prospect.swift */ = {isa = PBXFileReference; lastKnownFileType = sourcecode.swift; path = Prospect.swift; sourceTree = "<group>"; };
		2D483DD729688485005269A8 /* fetchRecipeViewModel.swift */ = {isa = PBXFileReference; lastKnownFileType = sourcecode.swift; path = fetchRecipeViewModel.swift; sourceTree = "<group>"; };
		2D48C791288FF8D400981FAE /* Color.swift */ = {isa = PBXFileReference; lastKnownFileType = sourcecode.swift; path = Color.swift; sourceTree = "<group>"; };
		2D49ACC528D20851002A8045 /* LogIn.swift */ = {isa = PBXFileReference; lastKnownFileType = sourcecode.swift; path = LogIn.swift; sourceTree = "<group>"; };
		2D4A353929806E7F00CB2665 /* Searchbar.swift */ = {isa = PBXFileReference; lastKnownFileType = sourcecode.swift; path = Searchbar.swift; sourceTree = "<group>"; };
		2D4A353B2980701F00CB2665 /* RecipeCard.swift */ = {isa = PBXFileReference; lastKnownFileType = sourcecode.swift; path = RecipeCard.swift; sourceTree = "<group>"; };
		2D6187092969881400F7881F /* SettingsView.swift */ = {isa = PBXFileReference; lastKnownFileType = sourcecode.swift; path = SettingsView.swift; sourceTree = "<group>"; };
		2D69A966297B09390004BA47 /* about.swift */ = {isa = PBXFileReference; lastKnownFileType = sourcecode.swift; path = about.swift; sourceTree = "<group>"; };
		2D6D466128D0B12900557B0A /* GetStarted.swift */ = {isa = PBXFileReference; lastKnownFileType = sourcecode.swift; path = GetStarted.swift; sourceTree = "<group>"; };
		2D710C39295615A500F3E9EA /* Recipe.swift */ = {isa = PBXFileReference; lastKnownFileType = sourcecode.swift; path = Recipe.swift; sourceTree = "<group>"; };
		2D710C3B2956162D00F3E9EA /* NewRecipe.swift */ = {isa = PBXFileReference; lastKnownFileType = sourcecode.swift; path = NewRecipe.swift; sourceTree = "<group>"; };
		2D773C4F2971570100A86E5C /* EditProduct.swift */ = {isa = PBXFileReference; lastKnownFileType = sourcecode.swift; path = EditProduct.swift; sourceTree = "<group>"; };
		2D773C51297172BA00A86E5C /* EditProductiVewModel.swift */ = {isa = PBXFileReference; lastKnownFileType = sourcecode.swift; path = EditProductiVewModel.swift; sourceTree = "<group>"; };
		2D886FAA29706BA4004AB700 /* RecipeDetailsProfile.swift */ = {isa = PBXFileReference; lastKnownFileType = sourcecode.swift; path = RecipeDetailsProfile.swift; sourceTree = "<group>"; };
		2D88B5CB295621F6008F47A5 /* NewRecipeViewModel.swift */ = {isa = PBXFileReference; lastKnownFileType = sourcecode.swift; path = NewRecipeViewModel.swift; sourceTree = "<group>"; };
		2DA22879294CA888001F88C0 /* UploadProductViewModel.swift */ = {isa = PBXFileReference; lastKnownFileType = sourcecode.swift; path = UploadProductViewModel.swift; sourceTree = "<group>"; };
		2DA2287B294CE664001F88C0 /* fetchProduct.swift */ = {isa = PBXFileReference; lastKnownFileType = sourcecode.swift; path = fetchProduct.swift; sourceTree = "<group>"; };
		2DA2287F294DB7FB001F88C0 /* ExploreViewModel.swift */ = {isa = PBXFileReference; lastKnownFileType = sourcecode.swift; path = ExploreViewModel.swift; sourceTree = "<group>"; };
		2DAB9F4C295F48BD00C04D3E /* SpecificCorners .swift */ = {isa = PBXFileReference; lastKnownFileType = sourcecode.swift; path = "SpecificCorners .swift"; sourceTree = "<group>"; };
		2DE2CFD1288707A800FBFE62 /* ImagePicker.swift */ = {isa = PBXFileReference; lastKnownFileType = sourcecode.swift; path = ImagePicker.swift; sourceTree = "<group>"; };
		2DE850F629584A620012ABAB /* RecipeViewModel.swift */ = {isa = PBXFileReference; lastKnownFileType = sourcecode.swift; path = RecipeViewModel.swift; sourceTree = "<group>"; };
		2DE850F829584E740012ABAB /* Recipet.swift */ = {isa = PBXFileReference; lastKnownFileType = sourcecode.swift; path = Recipet.swift; sourceTree = "<group>"; };
		2DE850FA295B6ECB0012ABAB /* RecipeSetails.swift */ = {isa = PBXFileReference; lastKnownFileType = sourcecode.swift; path = RecipeSetails.swift; sourceTree = "<group>"; };
		2DEB8CF9297D541B001E7BED /* CardModifier.swift */ = {isa = PBXFileReference; lastKnownFileType = sourcecode.swift; path = CardModifier.swift; sourceTree = "<group>"; };
		2DEB8CFC297D9D42001E7BED /* TextFieldview.swift */ = {isa = PBXFileReference; lastKnownFileType = sourcecode.swift; path = TextFieldview.swift; sourceTree = "<group>"; };
		2DEB8CFF297DAE22001E7BED /* Buttonshow.swift */ = {isa = PBXFileReference; lastKnownFileType = sourcecode.swift; path = Buttonshow.swift; sourceTree = "<group>"; };
		2DEF0AB72947954E00D19D8E /* AuthViewModel.swift */ = {isa = PBXFileReference; lastKnownFileType = sourcecode.swift; path = AuthViewModel.swift; sourceTree = "<group>"; };
		2DEF0AB92947A80500D19D8E /* KitchenNeed.entitlements */ = {isa = PBXFileReference; lastKnownFileType = text.plist.entitlements; path = KitchenNeed.entitlements; sourceTree = "<group>"; };
		2DEF0ABA2947B13400D19D8E /* User.swift */ = {isa = PBXFileReference; lastKnownFileType = sourcecode.swift; path = User.swift; sourceTree = "<group>"; };
		2DFD509E28BE88F700CE8FD2 /* Onboarding.swift */ = {isa = PBXFileReference; lastKnownFileType = sourcecode.swift; path = Onboarding.swift; sourceTree = "<group>"; };
		2DFD50A228BEA44500CE8FD2 /* Launch Screen.storyboard */ = {isa = PBXFileReference; lastKnownFileType = file.storyboard; path = "Launch Screen.storyboard"; sourceTree = "<group>"; };
		63CD665C2886D9D5003CDE86 /* Assets.xcassets */ = {isa = PBXFileReference; lastKnownFileType = folder.assetcatalog; path = Assets.xcassets; sourceTree = "<group>"; };
		63CD665D2886D9D5003CDE86 /* KitchenNeedApp.swift */ = {isa = PBXFileReference; fileEncoding = 4; lastKnownFileType = sourcecode.swift; path = KitchenNeedApp.swift; sourceTree = "<group>"; };
		63CD66612886DA68003CDE86 /* Product.swift */ = {isa = PBXFileReference; fileEncoding = 4; lastKnownFileType = sourcecode.swift; path = Product.swift; sourceTree = "<group>"; };
		63CD66662886DA85003CDE86 /* Profile.swift */ = {isa = PBXFileReference; fileEncoding = 4; lastKnownFileType = sourcecode.swift; path = Profile.swift; sourceTree = "<group>"; };
		63CD66682886DA85003CDE86 /* SheetView.swift */ = {isa = PBXFileReference; fileEncoding = 4; lastKnownFileType = sourcecode.swift; path = SheetView.swift; sourceTree = "<group>"; };
		63CD66692886DA85003CDE86 /* ContentView.swift */ = {isa = PBXFileReference; fileEncoding = 4; lastKnownFileType = sourcecode.swift; path = ContentView.swift; sourceTree = "<group>"; };
		63CD66722886DB15003CDE86 /* Home.swift */ = {isa = PBXFileReference; fileEncoding = 4; lastKnownFileType = sourcecode.swift; path = Home.swift; sourceTree = "<group>"; };
/* End PBXFileReference section */

/* Begin PBXFrameworksBuildPhase section */
		2D3708F32884ABF90044EF45 /* Frameworks */ = {
			isa = PBXFrameworksBuildPhase;
			buildActionMask = 2147483647;
			files = (
				2DEB35DC294BBEFE001B8FD4 /* Kingfisher in Frameworks */,
				2DA767692885644700264BE7 /* PartialSheet in Frameworks */,
				2D18BE8829465B44008FBE3B /* FirebaseAuth in Frameworks */,
				2DEF0AB429478F6500D19D8E /* FirebaseFirestore in Frameworks */,
				2D1FDBA129489CF500BBF3ED /* FirebaseStorage in Frameworks */,
				2DEF0AB629478F7B00D19D8E /* FirebaseFirestoreSwift in Frameworks */,
			);
			runOnlyForDeploymentPostprocessing = 0;
		};
/* End PBXFrameworksBuildPhase section */

/* Begin PBXGroup section */
		2D3708ED2884ABF90044EF45 = {
			isa = PBXGroup;
			children = (
				2D3708F82884ABF90044EF45 /* KitchenNeed */,
				2D3708F72884ABF90044EF45 /* Products */,
				2DEF0AB229478F6500D19D8E /* Frameworks */,
			);
			sourceTree = "<group>";
		};
		2D3708F72884ABF90044EF45 /* Products */ = {
			isa = PBXGroup;
			children = (
				2D3708F62884ABF90044EF45 /* KitchenNeed.app */,
			);
			name = Products;
			sourceTree = "<group>";
		};
		2D3708F82884ABF90044EF45 /* KitchenNeed */ = {
			isa = PBXGroup;
			children = (
				2DEF0AB92947A80500D19D8E /* KitchenNeed.entitlements */,
				2D18BE8D29465CE5008FBE3B /* GoogleService-Info.plist */,
				2DEB8CFB297D5DBC001E7BED /* Components */,
				2D48C790288FF89F00981FAE /* Extensions */,
				2DE2CFD02887077600FBFE62 /* ViewModel */,
				63CD66632886DA85003CDE86 /* Views */,
				63CD66602886DA68003CDE86 /* Models */,
				63CD665B2886D9D5003CDE86 /* App */,
				2D3708FF2884ABFE0044EF45 /* Preview Content */,
			);
			path = KitchenNeed;
			sourceTree = "<group>";
		};
		2D3708FF2884ABFE0044EF45 /* Preview Content */ = {
			isa = PBXGroup;
			children = (
				2D3709002884ABFE0044EF45 /* Preview Assets.xcassets */,
			);
			path = "Preview Content";
			sourceTree = "<group>";
		};
		2D48C790288FF89F00981FAE /* Extensions */ = {
			isa = PBXGroup;
			children = (
				2D48C791288FF8D400981FAE /* Color.swift */,
				2DEB8CF9297D541B001E7BED /* CardModifier.swift */,
			);
			path = Extensions;
			sourceTree = "<group>";
		};
		2DE2CFD02887077600FBFE62 /* ViewModel */ = {
			isa = PBXGroup;
			children = (
				2DE2CFD1288707A800FBFE62 /* ImagePicker.swift */,
				2DEF0AB72947954E00D19D8E /* AuthViewModel.swift */,
				2D1FDB9E29489CB000BBF3ED /* ImageUploader.swift */,
				2DA22879294CA888001F88C0 /* UploadProductViewModel.swift */,
				2DA2287B294CE664001F88C0 /* fetchProduct.swift */,
				2DA2287F294DB7FB001F88C0 /* ExploreViewModel.swift */,
				2D88B5CB295621F6008F47A5 /* NewRecipeViewModel.swift */,
				2DE850F629584A620012ABAB /* RecipeViewModel.swift */,
				2D483DD729688485005269A8 /* fetchRecipeViewModel.swift */,
				2D773C51297172BA00A86E5C /* EditProductiVewModel.swift */,
			);
			path = ViewModel;
			sourceTree = "<group>";
		};
		2DEB8CFB297D5DBC001E7BED /* Components */ = {
			isa = PBXGroup;
			children = (
				2DEB8CFC297D9D42001E7BED /* TextFieldview.swift */,
				2DEB8CFF297DAE22001E7BED /* Buttonshow.swift */,
				2D4A353929806E7F00CB2665 /* Searchbar.swift */,
				2D4A353B2980701F00CB2665 /* RecipeCard.swift */,
			);
			path = Components;
			sourceTree = "<group>";
		};
		2DEF0AB229478F6500D19D8E /* Frameworks */ = {
			isa = PBXGroup;
			children = (
			);
			name = Frameworks;
			sourceTree = "<group>";
		};
		63CD665B2886D9D5003CDE86 /* App */ = {
			isa = PBXGroup;
			children = (
				63CD665C2886D9D5003CDE86 /* Assets.xcassets */,
				63CD665D2886D9D5003CDE86 /* KitchenNeedApp.swift */,
			);
			path = App;
			sourceTree = "<group>";
		};
		63CD66602886DA68003CDE86 /* Models */ = {
			isa = PBXGroup;
			children = (
				63CD66612886DA68003CDE86 /* Product.swift */,
				2D4542E828B7863C0030DF73 /* Prospect.swift */,
				2DEF0ABA2947B13400D19D8E /* User.swift */,
				2DE850F829584E740012ABAB /* Recipet.swift */,
			);
			path = Models;
			sourceTree = "<group>";
		};
		63CD66632886DA85003CDE86 /* Views */ = {
			isa = PBXGroup;
			children = (
				63CD66722886DB15003CDE86 /* Home.swift */,
				63CD66662886DA85003CDE86 /* Profile.swift */,
				63CD66682886DA85003CDE86 /* SheetView.swift */,
				63CD66692886DA85003CDE86 /* ContentView.swift */,
				2D2544D328B4DFD400C40D18 /* CardView.swift */,
				2DFD509E28BE88F700CE8FD2 /* Onboarding.swift */,
				2DFD50A228BEA44500CE8FD2 /* Launch Screen.storyboard */,
				2D42354228C1285500600266 /* SignupView.swift */,
				2D371F2828C26F6600FEA74C /* IntroView.swift */,
				2D6D466128D0B12900557B0A /* GetStarted.swift */,
				2D49ACC528D20851002A8045 /* LogIn.swift */,
				2D710C39295615A500F3E9EA /* Recipe.swift */,
				2D710C3B2956162D00F3E9EA /* NewRecipe.swift */,
				2DE850FA295B6ECB0012ABAB /* RecipeSetails.swift */,
				2DAB9F4C295F48BD00C04D3E /* SpecificCorners .swift */,
				2D6187092969881400F7881F /* SettingsView.swift */,
				2D886FAA29706BA4004AB700 /* RecipeDetailsProfile.swift */,
				2D773C4F2971570100A86E5C /* EditProduct.swift */,
				2D69A966297B09390004BA47 /* about.swift */,
				2D05B6F0297C521E00B9C68B /* Recipecard.swift */,
			);
			path = Views;
			sourceTree = "<group>";
		};
/* End PBXGroup section */

/* Begin PBXNativeTarget section */
		2D3708F52884ABF90044EF45 /* KitchenNeed */ = {
			isa = PBXNativeTarget;
			buildConfigurationList = 2D3709042884ABFE0044EF45 /* Build configuration list for PBXNativeTarget "KitchenNeed" */;
			buildPhases = (
				2D3708F22884ABF90044EF45 /* Sources */,
				2D3708F32884ABF90044EF45 /* Frameworks */,
				2D3708F42884ABF90044EF45 /* Resources */,
			);
			buildRules = (
			);
			dependencies = (
			);
			name = KitchenNeed;
			packageProductDependencies = (
				2DA767682885644700264BE7 /* PartialSheet */,
				2D18BE8729465B44008FBE3B /* FirebaseAuth */,
				2DEF0AB329478F6500D19D8E /* FirebaseFirestore */,
				2DEF0AB529478F7B00D19D8E /* FirebaseFirestoreSwift */,
				2D1FDBA029489CF500BBF3ED /* FirebaseStorage */,
				2DEB35DB294BBEFE001B8FD4 /* Kingfisher */,
			);
			productName = KitchenNeed;
			productReference = 2D3708F62884ABF90044EF45 /* KitchenNeed.app */;
			productType = "com.apple.product-type.application";
		};
/* End PBXNativeTarget section */

/* Begin PBXProject section */
		2D3708EE2884ABF90044EF45 /* Project object */ = {
			isa = PBXProject;
			attributes = {
				BuildIndependentTargetsInParallel = 1;
				LastSwiftUpdateCheck = 1320;
				LastUpgradeCheck = 1320;
				TargetAttributes = {
					2D3708F52884ABF90044EF45 = {
						CreatedOnToolsVersion = 13.2.1;
					};
				};
			};
			buildConfigurationList = 2D3708F12884ABF90044EF45 /* Build configuration list for PBXProject "KitchenNeed" */;
			compatibilityVersion = "Xcode 13.0";
			developmentRegion = en;
			hasScannedForEncodings = 0;
			knownRegions = (
				en,
				Base,
			);
			mainGroup = 2D3708ED2884ABF90044EF45;
			packageReferences = (
				2DA767672885644700264BE7 /* XCRemoteSwiftPackageReference "PartialSheet" */,
				2D18BE8629465B44008FBE3B /* XCRemoteSwiftPackageReference "firebase-ios-sdk" */,
				2DEB35DA294BBEFE001B8FD4 /* XCRemoteSwiftPackageReference "Kingfisher" */,
			);
			productRefGroup = 2D3708F72884ABF90044EF45 /* Products */;
			projectDirPath = "";
			projectRoot = "";
			targets = (
				2D3708F52884ABF90044EF45 /* KitchenNeed */,
			);
		};
/* End PBXProject section */

/* Begin PBXResourcesBuildPhase section */
		2D3708F42884ABF90044EF45 /* Resources */ = {
			isa = PBXResourcesBuildPhase;
			buildActionMask = 2147483647;
			files = (
				2DFD50A328BEA44500CE8FD2 /* Launch Screen.storyboard in Resources */,
				2D18BE8E29465CE5008FBE3B /* GoogleService-Info.plist in Resources */,
				63CD665E2886D9D6003CDE86 /* Assets.xcassets in Resources */,
				2D3709012884ABFE0044EF45 /* Preview Assets.xcassets in Resources */,
			);
			runOnlyForDeploymentPostprocessing = 0;
		};
/* End PBXResourcesBuildPhase section */

/* Begin PBXSourcesBuildPhase section */
		2D3708F22884ABF90044EF45 /* Sources */ = {
			isa = PBXSourcesBuildPhase;
			buildActionMask = 2147483647;
			files = (
				2D61870A2969881400F7881F /* SettingsView.swift in Sources */,
				63CD666F2886DA85003CDE86 /* ContentView.swift in Sources */,
				2D4542E928B7863C0030DF73 /* Prospect.swift in Sources */,
				63CD666C2886DA85003CDE86 /* Profile.swift in Sources */,
				63CD666E2886DA85003CDE86 /* SheetView.swift in Sources */,
				2D69A967297B09390004BA47 /* about.swift in Sources */,
				2D1FDB9F29489CB000BBF3ED /* ImageUploader.swift in Sources */,
				2D371F2928C26F6600FEA74C /* IntroView.swift in Sources */,
				2DEB8D00297DAE22001E7BED /* Buttonshow.swift in Sources */,
				2D42354328C1285500600266 /* SignupView.swift in Sources */,
				2D710C3C2956162D00F3E9EA /* NewRecipe.swift in Sources */,
				2D6D466228D0B12900557B0A /* GetStarted.swift in Sources */,
				2DA2287C294CE664001F88C0 /* fetchProduct.swift in Sources */,
				2DE2CFD2288707A800FBFE62 /* ImagePicker.swift in Sources */,
				2DAB9F4D295F48BD00C04D3E /* SpecificCorners .swift in Sources */,
				2DEF0ABB2947B13400D19D8E /* User.swift in Sources */,
				2D48C792288FF8D400981FAE /* Color.swift in Sources */,
				2DEB8CFD297D9D42001E7BED /* TextFieldview.swift in Sources */,
				63CD66622886DA68003CDE86 /* Product.swift in Sources */,
				2DEB8CFA297D541B001E7BED /* CardModifier.swift in Sources */,
				2DA2287A294CA888001F88C0 /* UploadProductViewModel.swift in Sources */,
				63CD665F2886D9D6003CDE86 /* KitchenNeedApp.swift in Sources */,
				2D49ACC628D20851002A8045 /* LogIn.swift in Sources */,
				2D886FAB29706BA4004AB700 /* RecipeDetailsProfile.swift in Sources */,
				63CD66732886DB15003CDE86 /* Home.swift in Sources */,
				2D773C502971570100A86E5C /* EditProduct.swift in Sources */,
				2DEF0AB82947954E00D19D8E /* AuthViewModel.swift in Sources */,
				2D773C52297172BA00A86E5C /* EditProductiVewModel.swift in Sources */,
				2D483DD829688485005269A8 /* fetchRecipeViewModel.swift in Sources */,
				2DA22880294DB7FB001F88C0 /* ExploreViewModel.swift in Sources */,
				2DE850F929584E740012ABAB /* Recipet.swift in Sources */,
				2D710C3A295615A500F3E9EA /* Recipe.swift in Sources */,
				2DE850FB295B6ECB0012ABAB /* RecipeSetails.swift in Sources */,
				2D88B5CC295621F6008F47A5 /* NewRecipeViewModel.swift in Sources */,
				2D2544D428B4DFD400C40D18 /* CardView.swift in Sources */,
				2D4A353A29806E7F00CB2665 /* Searchbar.swift in Sources */,
				2D05B6F1297C521F00B9C68B /* Recipecard.swift in Sources */,
				2DE850F729584A620012ABAB /* RecipeViewModel.swift in Sources */,
				2DFD509F28BE88F700CE8FD2 /* Onboarding.swift in Sources */,
				2D4A353C2980701F00CB2665 /* RecipeCard.swift in Sources */,
			);
			runOnlyForDeploymentPostprocessing = 0;
		};
/* End PBXSourcesBuildPhase section */

/* Begin XCBuildConfiguration section */
		2D3709022884ABFE0044EF45 /* Debug */ = {
			isa = XCBuildConfiguration;
			buildSettings = {
				ALWAYS_SEARCH_USER_PATHS = NO;
				CLANG_ANALYZER_NONNULL = YES;
				CLANG_ANALYZER_NUMBER_OBJECT_CONVERSION = YES_AGGRESSIVE;
				CLANG_CXX_LANGUAGE_STANDARD = "gnu++17";
				CLANG_CXX_LIBRARY = "libc++";
				CLANG_ENABLE_MODULES = YES;
				CLANG_ENABLE_OBJC_ARC = YES;
				CLANG_ENABLE_OBJC_WEAK = YES;
				CLANG_WARN_BLOCK_CAPTURE_AUTORELEASING = YES;
				CLANG_WARN_BOOL_CONVERSION = YES;
				CLANG_WARN_COMMA = YES;
				CLANG_WARN_CONSTANT_CONVERSION = YES;
				CLANG_WARN_DEPRECATED_OBJC_IMPLEMENTATIONS = YES;
				CLANG_WARN_DIRECT_OBJC_ISA_USAGE = YES_ERROR;
				CLANG_WARN_DOCUMENTATION_COMMENTS = YES;
				CLANG_WARN_EMPTY_BODY = YES;
				CLANG_WARN_ENUM_CONVERSION = YES;
				CLANG_WARN_INFINITE_RECURSION = YES;
				CLANG_WARN_INT_CONVERSION = YES;
				CLANG_WARN_NON_LITERAL_NULL_CONVERSION = YES;
				CLANG_WARN_OBJC_IMPLICIT_RETAIN_SELF = YES;
				CLANG_WARN_OBJC_LITERAL_CONVERSION = YES;
				CLANG_WARN_OBJC_ROOT_CLASS = YES_ERROR;
				CLANG_WARN_QUOTED_INCLUDE_IN_FRAMEWORK_HEADER = YES;
				CLANG_WARN_RANGE_LOOP_ANALYSIS = YES;
				CLANG_WARN_STRICT_PROTOTYPES = YES;
				CLANG_WARN_SUSPICIOUS_MOVE = YES;
				CLANG_WARN_UNGUARDED_AVAILABILITY = YES_AGGRESSIVE;
				CLANG_WARN_UNREACHABLE_CODE = YES;
				CLANG_WARN__DUPLICATE_METHOD_MATCH = YES;
				COPY_PHASE_STRIP = NO;
				DEBUG_INFORMATION_FORMAT = dwarf;
				ENABLE_STRICT_OBJC_MSGSEND = YES;
				ENABLE_TESTABILITY = YES;
				GCC_C_LANGUAGE_STANDARD = gnu11;
				GCC_DYNAMIC_NO_PIC = NO;
				GCC_NO_COMMON_BLOCKS = YES;
				GCC_OPTIMIZATION_LEVEL = 0;
				GCC_PREPROCESSOR_DEFINITIONS = (
					"DEBUG=1",
					"$(inherited)",
				);
				GCC_WARN_64_TO_32_BIT_CONVERSION = YES;
				GCC_WARN_ABOUT_RETURN_TYPE = YES_ERROR;
				GCC_WARN_UNDECLARED_SELECTOR = YES;
				GCC_WARN_UNINITIALIZED_AUTOS = YES_AGGRESSIVE;
				GCC_WARN_UNUSED_FUNCTION = YES;
				GCC_WARN_UNUSED_VARIABLE = YES;
				IPHONEOS_DEPLOYMENT_TARGET = 15.2;
				MTL_ENABLE_DEBUG_INFO = INCLUDE_SOURCE;
				MTL_FAST_MATH = YES;
				ONLY_ACTIVE_ARCH = YES;
				SDKROOT = iphoneos;
				SWIFT_ACTIVE_COMPILATION_CONDITIONS = DEBUG;
				SWIFT_OPTIMIZATION_LEVEL = "-Onone";
			};
			name = Debug;
		};
		2D3709032884ABFE0044EF45 /* Release */ = {
			isa = XCBuildConfiguration;
			buildSettings = {
				ALWAYS_SEARCH_USER_PATHS = NO;
				CLANG_ANALYZER_NONNULL = YES;
				CLANG_ANALYZER_NUMBER_OBJECT_CONVERSION = YES_AGGRESSIVE;
				CLANG_CXX_LANGUAGE_STANDARD = "gnu++17";
				CLANG_CXX_LIBRARY = "libc++";
				CLANG_ENABLE_MODULES = YES;
				CLANG_ENABLE_OBJC_ARC = YES;
				CLANG_ENABLE_OBJC_WEAK = YES;
				CLANG_WARN_BLOCK_CAPTURE_AUTORELEASING = YES;
				CLANG_WARN_BOOL_CONVERSION = YES;
				CLANG_WARN_COMMA = YES;
				CLANG_WARN_CONSTANT_CONVERSION = YES;
				CLANG_WARN_DEPRECATED_OBJC_IMPLEMENTATIONS = YES;
				CLANG_WARN_DIRECT_OBJC_ISA_USAGE = YES_ERROR;
				CLANG_WARN_DOCUMENTATION_COMMENTS = YES;
				CLANG_WARN_EMPTY_BODY = YES;
				CLANG_WARN_ENUM_CONVERSION = YES;
				CLANG_WARN_INFINITE_RECURSION = YES;
				CLANG_WARN_INT_CONVERSION = YES;
				CLANG_WARN_NON_LITERAL_NULL_CONVERSION = YES;
				CLANG_WARN_OBJC_IMPLICIT_RETAIN_SELF = YES;
				CLANG_WARN_OBJC_LITERAL_CONVERSION = YES;
				CLANG_WARN_OBJC_ROOT_CLASS = YES_ERROR;
				CLANG_WARN_QUOTED_INCLUDE_IN_FRAMEWORK_HEADER = YES;
				CLANG_WARN_RANGE_LOOP_ANALYSIS = YES;
				CLANG_WARN_STRICT_PROTOTYPES = YES;
				CLANG_WARN_SUSPICIOUS_MOVE = YES;
				CLANG_WARN_UNGUARDED_AVAILABILITY = YES_AGGRESSIVE;
				CLANG_WARN_UNREACHABLE_CODE = YES;
				CLANG_WARN__DUPLICATE_METHOD_MATCH = YES;
				COPY_PHASE_STRIP = NO;
				DEBUG_INFORMATION_FORMAT = "dwarf-with-dsym";
				ENABLE_NS_ASSERTIONS = NO;
				ENABLE_STRICT_OBJC_MSGSEND = YES;
				GCC_C_LANGUAGE_STANDARD = gnu11;
				GCC_NO_COMMON_BLOCKS = YES;
				GCC_WARN_64_TO_32_BIT_CONVERSION = YES;
				GCC_WARN_ABOUT_RETURN_TYPE = YES_ERROR;
				GCC_WARN_UNDECLARED_SELECTOR = YES;
				GCC_WARN_UNINITIALIZED_AUTOS = YES_AGGRESSIVE;
				GCC_WARN_UNUSED_FUNCTION = YES;
				GCC_WARN_UNUSED_VARIABLE = YES;
				IPHONEOS_DEPLOYMENT_TARGET = 15.2;
				MTL_ENABLE_DEBUG_INFO = NO;
				MTL_FAST_MATH = YES;
				SDKROOT = iphoneos;
				SWIFT_COMPILATION_MODE = wholemodule;
				SWIFT_OPTIMIZATION_LEVEL = "-O";
				VALIDATE_PRODUCT = YES;
			};
			name = Release;
		};
		2D3709052884ABFE0044EF45 /* Debug */ = {
			isa = XCBuildConfiguration;
			buildSettings = {
				ASSETCATALOG_COMPILER_APPICON_NAME = AppIcon;
				ASSETCATALOG_COMPILER_GLOBAL_ACCENT_COLOR_NAME = AccentColor;
				ASSETCATALOG_COMPILER_INCLUDE_ALL_APPICON_ASSETS = YES;
				CODE_SIGN_ENTITLEMENTS = KitchenNeed/KitchenNeed.entitlements;
				CODE_SIGN_STYLE = Automatic;
				CURRENT_PROJECT_VERSION = 1;
				DEVELOPMENT_ASSET_PATHS = "\"KitchenNeed/Preview Content\"";
				DEVELOPMENT_TEAM = 2H8H3AS73K;
				ENABLE_PREVIEWS = YES;
				GENERATE_INFOPLIST_FILE = YES;
				INFOPLIST_KEY_LSApplicationCategoryType = "public.app-category.food-and-drink";
				INFOPLIST_KEY_UIApplicationSceneManifest_Generation = YES;
				INFOPLIST_KEY_UIApplicationSupportsIndirectInputEvents = YES;
				INFOPLIST_KEY_UILaunchScreen_Generation = YES;
				INFOPLIST_KEY_UILaunchStoryboardName = "Launch Screen.storyboard";
				INFOPLIST_KEY_UISupportedInterfaceOrientations = UIInterfaceOrientationPortrait;
				IPHONEOS_DEPLOYMENT_TARGET = 15.2;
				LD_RUNPATH_SEARCH_PATHS = (
					"$(inherited)",
					"@executable_path/Frameworks",
				);
				MARKETING_VERSION = 1.0;
				PRODUCT_BUNDLE_IDENTIFIER = me.ramzi.KitchenNeed;
				PRODUCT_NAME = "$(TARGET_NAME)";
				SUPPORTED_PLATFORMS = "iphoneos iphonesimulator";
				SUPPORTS_MACCATALYST = NO;
				SUPPORTS_MAC_DESIGNED_FOR_IPHONE_IPAD = NO;
				SWIFT_EMIT_LOC_STRINGS = YES;
				SWIFT_VERSION = 5.0;
				TARGETED_DEVICE_FAMILY = "1,2";
			};
			name = Debug;
		};
		2D3709062884ABFE0044EF45 /* Release */ = {
			isa = XCBuildConfiguration;
			buildSettings = {
				ASSETCATALOG_COMPILER_APPICON_NAME = AppIcon;
				ASSETCATALOG_COMPILER_GLOBAL_ACCENT_COLOR_NAME = AccentColor;
				ASSETCATALOG_COMPILER_INCLUDE_ALL_APPICON_ASSETS = YES;
				CODE_SIGN_ENTITLEMENTS = KitchenNeed/KitchenNeed.entitlements;
				CODE_SIGN_STYLE = Automatic;
				CURRENT_PROJECT_VERSION = 1;
				DEVELOPMENT_ASSET_PATHS = "\"KitchenNeed/Preview Content\"";
				DEVELOPMENT_TEAM = 2H8H3AS73K;
				ENABLE_PREVIEWS = YES;
				GENERATE_INFOPLIST_FILE = YES;
				INFOPLIST_KEY_LSApplicationCategoryType = "public.app-category.food-and-drink";
				INFOPLIST_KEY_UIApplicationSceneManifest_Generation = YES;
				INFOPLIST_KEY_UIApplicationSupportsIndirectInputEvents = YES;
				INFOPLIST_KEY_UILaunchScreen_Generation = YES;
				INFOPLIST_KEY_UILaunchStoryboardName = "Launch Screen.storyboard";
				INFOPLIST_KEY_UISupportedInterfaceOrientations = UIInterfaceOrientationPortrait;
				IPHONEOS_DEPLOYMENT_TARGET = 15.2;
				LD_RUNPATH_SEARCH_PATHS = (
					"$(inherited)",
					"@executable_path/Frameworks",
				);
				MARKETING_VERSION = 1.0;
				PRODUCT_BUNDLE_IDENTIFIER = me.ramzi.KitchenNeed;
				PRODUCT_NAME = "$(TARGET_NAME)";
				SUPPORTED_PLATFORMS = "iphoneos iphonesimulator";
				SUPPORTS_MACCATALYST = NO;
				SUPPORTS_MAC_DESIGNED_FOR_IPHONE_IPAD = NO;
				SWIFT_EMIT_LOC_STRINGS = YES;
				SWIFT_VERSION = 5.0;
				TARGETED_DEVICE_FAMILY = "1,2";
			};
			name = Release;
		};
/* End XCBuildConfiguration section */

/* Begin XCConfigurationList section */
		2D3708F12884ABF90044EF45 /* Build configuration list for PBXProject "KitchenNeed" */ = {
			isa = XCConfigurationList;
			buildConfigurations = (
				2D3709022884ABFE0044EF45 /* Debug */,
				2D3709032884ABFE0044EF45 /* Release */,
			);
			defaultConfigurationIsVisible = 0;
			defaultConfigurationName = Release;
		};
		2D3709042884ABFE0044EF45 /* Build configuration list for PBXNativeTarget "KitchenNeed" */ = {
			isa = XCConfigurationList;
			buildConfigurations = (
				2D3709052884ABFE0044EF45 /* Debug */,
				2D3709062884ABFE0044EF45 /* Release */,
			);
			defaultConfigurationIsVisible = 0;
			defaultConfigurationName = Release;
		};
/* End XCConfigurationList section */

/* Begin XCRemoteSwiftPackageReference section */
		2D18BE8629465B44008FBE3B /* XCRemoteSwiftPackageReference "firebase-ios-sdk" */ = {
			isa = XCRemoteSwiftPackageReference;
			repositoryURL = "https://github.com/firebase/firebase-ios-sdk.git";
			requirement = {
				kind = upToNextMajorVersion;
				minimumVersion = 9.0.0;
			};
		};
		2DA767672885644700264BE7 /* XCRemoteSwiftPackageReference "PartialSheet" */ = {
			isa = XCRemoteSwiftPackageReference;
			repositoryURL = "https://github.com/AndreaMiotto/PartialSheet";
			requirement = {
				branch = master;
				kind = branch;
			};
		};
		2DEB35DA294BBEFE001B8FD4 /* XCRemoteSwiftPackageReference "Kingfisher" */ = {
			isa = XCRemoteSwiftPackageReference;
			repositoryURL = "https://github.com/onevcat/Kingfisher";
			requirement = {
				branch = master;
				kind = branch;
			};
		};
/* End XCRemoteSwiftPackageReference section */

/* Begin XCSwiftPackageProductDependency section */
		2D18BE8729465B44008FBE3B /* FirebaseAuth */ = {
			isa = XCSwiftPackageProductDependency;
			package = 2D18BE8629465B44008FBE3B /* XCRemoteSwiftPackageReference "firebase-ios-sdk" */;
			productName = FirebaseAuth;
		};
		2D1FDBA029489CF500BBF3ED /* FirebaseStorage */ = {
			isa = XCSwiftPackageProductDependency;
			package = 2D18BE8629465B44008FBE3B /* XCRemoteSwiftPackageReference "firebase-ios-sdk" */;
			productName = FirebaseStorage;
		};
		2DA767682885644700264BE7 /* PartialSheet */ = {
			isa = XCSwiftPackageProductDependency;
			package = 2DA767672885644700264BE7 /* XCRemoteSwiftPackageReference "PartialSheet" */;
			productName = PartialSheet;
		};
		2DEB35DB294BBEFE001B8FD4 /* Kingfisher */ = {
			isa = XCSwiftPackageProductDependency;
			package = 2DEB35DA294BBEFE001B8FD4 /* XCRemoteSwiftPackageReference "Kingfisher" */;
			productName = Kingfisher;
		};
		2DEF0AB329478F6500D19D8E /* FirebaseFirestore */ = {
			isa = XCSwiftPackageProductDependency;
			package = 2D18BE8629465B44008FBE3B /* XCRemoteSwiftPackageReference "firebase-ios-sdk" */;
			productName = FirebaseFirestore;
		};
		2DEF0AB529478F7B00D19D8E /* FirebaseFirestoreSwift */ = {
			isa = XCSwiftPackageProductDependency;
			package = 2D18BE8629465B44008FBE3B /* XCRemoteSwiftPackageReference "firebase-ios-sdk" */;
			productName = FirebaseFirestoreSwift;
		};
/* End XCSwiftPackageProductDependency section */
	};
	rootObject = 2D3708EE2884ABF90044EF45 /* Project object */;
}
